
Microsoft Visual Studio Solution File, Format Version 12.00
# Visual Studio Version 16
VisualStudioVersion = 16.0.29215.179
MinimumVisualStudioVersion = 10.0.40219.1
Project("{FAE04EC0-301F-11D3-BF4B-00C04F79EFBC}") = "NETCore001移植能力分析器", "NETCore001移植能力分析器\NETCore001移植能力分析器.csproj", "{79C6C50B-9C43-47B1-9485-959A1E761E3A}"
EndProject
Global
	GlobalSection(SolutionConfigurationPlatforms) = preSolution
		Debug|Any CPU = Debug|Any CPU
		Release|Any CPU = Release|Any CPU
	EndGlobalSection
	GlobalSection(ProjectConfigurationPlatforms) = postSolution
		{79C6C50B-9C43-47B1-9485-959A1E761E3A}.Debug|Any CPU.ActiveCfg = Debug|Any CPU
		{79C6C50B-9C43-47B1-9485-959A1E761E3A}.Debug|Any CPU.Build.0 = Debug|Any CPU
		{79C6C50B-9C43-47B1-9485-959A1E761E3A}.Release|Any CPU.ActiveCfg = Release|Any CPU
		{79C6C50B-9C43-47B1-9485-959A1E761E3A}.Release|Any CPU.Build.0 = Release|Any CPU
	EndGlobalSection
	GlobalSection(SolutionProperties) = preSolution
		HideSolutionNode = FALSE
	EndGlobalSection
	GlobalSection(ExtensibilityGlobals) = postSolution
		SolutionGuid = {BB50BE35-E045-4666-AF89-04F3DA768334}
	EndGlobalSection
EndGlobal
